
Microsoft Visual Studio Solution File, Format Version 12.00
# Visual Studio Version 17
VisualStudioVersion = 17.4.33403.182
MinimumVisualStudioVersion = 10.0.40219.1
Project("{FAE04EC0-301F-11D3-BF4B-00C04F79EFBC}") = "JZsGreen", "JZsGreen\JZsGreen.csproj", "{063CDF80-71DE-4A47-8F5E-AF1C9F796C75}"
EndProject
Global
	GlobalSection(SolutionConfigurationPlatforms) = preSolution
		Debug|Any CPU = Debug|Any CPU
		Release|Any CPU = Release|Any CPU
	EndGlobalSection
	GlobalSection(ProjectConfigurationPlatforms) = postSolution
		{063CDF80-71DE-4A47-8F5E-AF1C9F796C75}.Debug|Any CPU.ActiveCfg = Debug|Any CPU
		{063CDF80-71DE-4A47-8F5E-AF1C9F796C75}.Debug|Any CPU.Build.0 = Debug|Any CPU
		{063CDF80-71DE-4A47-8F5E-AF1C9F796C75}.Release|Any CPU.ActiveCfg = Release|Any CPU
		{063CDF80-71DE-4A47-8F5E-AF1C9F796C75}.Release|Any CPU.Build.0 = Release|Any CPU
	EndGlobalSection
	GlobalSection(SolutionProperties) = preSolution
		HideSolutionNode = FALSE
	EndGlobalSection
	GlobalSection(ExtensibilityGlobals) = postSolution
		SolutionGuid = {B9916796-A8E4-4BA6-AFD2-010D13AA2713}
	EndGlobalSection
EndGlobal
